
Microsoft Visual Studio Solution File, Format Version 12.00
# Visual Studio Version 16
VisualStudioVersion = 16.0.31424.327
MinimumVisualStudioVersion = 10.0.40219.1
Project("{9A19103F-16F7-4668-BE54-9A1E7A4F7556}") = "NumeneraCharGen", "NumeneraCharGen\NumeneraCharGen.csproj", "{722B8B1B-6EEB-4074-A6E4-221A74E4692E}"
EndProject
Project("{FAE04EC0-301F-11D3-BF4B-00C04F79EFBC}") = "NumeneraCharGenTests", "..\..\tests\NumeneraCharGenTests\NumeneraCharGenTests.csproj", "{63C01022-2F18-4215-A616-E0C712EF6B23}"
EndProject
Global
	GlobalSection(SolutionConfigurationPlatforms) = preSolution
		Debug|Any CPU = Debug|Any CPU
		Release|Any CPU = Release|Any CPU
	EndGlobalSection
	GlobalSection(ProjectConfigurationPlatforms) = postSolution
		{722B8B1B-6EEB-4074-A6E4-221A74E4692E}.Debug|Any CPU.ActiveCfg = Debug|Any CPU
		{722B8B1B-6EEB-4074-A6E4-221A74E4692E}.Debug|Any CPU.Build.0 = Debug|Any CPU
		{722B8B1B-6EEB-4074-A6E4-221A74E4692E}.Release|Any CPU.ActiveCfg = Release|Any CPU
		{722B8B1B-6EEB-4074-A6E4-221A74E4692E}.Release|Any CPU.Build.0 = Release|Any CPU
		{63C01022-2F18-4215-A616-E0C712EF6B23}.Debug|Any CPU.ActiveCfg = Debug|Any CPU
		{63C01022-2F18-4215-A616-E0C712EF6B23}.Debug|Any CPU.Build.0 = Debug|Any CPU
		{63C01022-2F18-4215-A616-E0C712EF6B23}.Release|Any CPU.ActiveCfg = Release|Any CPU
		{63C01022-2F18-4215-A616-E0C712EF6B23}.Release|Any CPU.Build.0 = Release|Any CPU
	EndGlobalSection
	GlobalSection(SolutionProperties) = preSolution
		HideSolutionNode = FALSE
	EndGlobalSection
	GlobalSection(ExtensibilityGlobals) = postSolution
		SolutionGuid = {7B7EDA2F-122F-4550-BA46-9389F76178F4}
	EndGlobalSection
EndGlobal
